{
  "version": 4,
  "terraform_version": "1.3.4",
  "serial": 363,
  "lineage": "6cc2bb7a-3539-9eb4-96c0-b43181b3662f",
  "outputs": {},
  "resources": [
    {
      "module": "module.ec2-dev",
      "mode": "managed",
      "type": "aws_ebs_volume",
      "name": "ec2-ebs",
      "provider": "module.ec2-dev.provider[\"registry.terraform.io/hashicorp/aws\"]",
      "instances": [
        {
          "index_key": 0,
          "schema_version": 0,
          "attributes": {
            "arn": "arn:aws:ec2:eu-west-2:245182714656:volume/vol-0567d5fac69183b2a",
            "availability_zone": "eu-west-2a",
            "encrypted": false,
            "final_snapshot": false,
            "id": "vol-0567d5fac69183b2a",
            "iops": 100,
            "kms_key_id": "",
            "multi_attach_enabled": false,
            "outpost_arn": "",
            "size": 2,
            "snapshot_id": "",
            "tags": {
              "Name": "tesla-dev-ebs"
            },
            "tags_all": {
              "Name": "tesla-dev-ebs"
            },
            "throughput": 0,
            "timeouts": null,
            "type": "gp2"
          },
          "sensitive_attributes": [],
          "private": "eyJlMmJmYjczMC1lY2FhLTExZTYtOGY4OC0zNDM2M2JjN2M0YzAiOnsiY3JlYXRlIjozMDAwMDAwMDAwMDAsImRlbGV0ZSI6MzAwMDAwMDAwMDAwLCJ1cGRhdGUiOjMwMDAwMDAwMDAwMH19",
          "dependencies": [
            "module.ec2-dev.aws_iam_instance_profile.ec2_profile",
            "module.ec2-dev.aws_iam_role.ec2_role",
            "module.ec2-dev.aws_instance.ec2_server",
            "module.ec2-dev.aws_security_group.ec2_sg"
          ]
        },
        {
          "index_key": 1,
          "schema_version": 0,
          "attributes": {
            "arn": "arn:aws:ec2:eu-west-2:245182714656:volume/vol-0aa17ff8ac25f2367",
            "availability_zone": "eu-west-2a",
            "encrypted": false,
            "final_snapshot": false,
            "id": "vol-0aa17ff8ac25f2367",
            "iops": 100,
            "kms_key_id": "",
            "multi_attach_enabled": false,
            "outpost_arn": "",
            "size": 5,
            "snapshot_id": "",
            "tags": {
              "Name": "tesla-dev-ebs"
            },
            "tags_all": {
              "Name": "tesla-dev-ebs"
            },
            "throughput": 0,
            "timeouts": null,
            "type": "gp2"
          },
          "sensitive_attributes": [],
          "private": "eyJlMmJmYjczMC1lY2FhLTExZTYtOGY4OC0zNDM2M2JjN2M0YzAiOnsiY3JlYXRlIjozMDAwMDAwMDAwMDAsImRlbGV0ZSI6MzAwMDAwMDAwMDAwLCJ1cGRhdGUiOjMwMDAwMDAwMDAwMH19",
          "dependencies": [
            "module.ec2-dev.aws_iam_instance_profile.ec2_profile",
            "module.ec2-dev.aws_iam_role.ec2_role",
            "module.ec2-dev.aws_instance.ec2_server",
            "module.ec2-dev.aws_security_group.ec2_sg"
          ]
        },
        {
          "index_key": 2,
          "schema_version": 0,
          "attributes": {
            "arn": "arn:aws:ec2:eu-west-2:245182714656:volume/vol-089a47296fe3c3c26",
            "availability_zone": "eu-west-2b",
            "encrypted": false,
            "final_snapshot": false,
            "id": "vol-089a47296fe3c3c26",
            "iops": 100,
            "kms_key_id": "",
            "multi_attach_enabled": false,
            "outpost_arn": "",
            "size": 2,
            "snapshot_id": "",
            "tags": {
              "Name": "tesla-dev-ebs"
            },
            "tags_all": {
              "Name": "tesla-dev-ebs"
            },
            "throughput": 0,
            "timeouts": null,
            "type": "gp2"
          },
          "sensitive_attributes": [],
          "private": "eyJlMmJmYjczMC1lY2FhLTExZTYtOGY4OC0zNDM2M2JjN2M0YzAiOnsiY3JlYXRlIjozMDAwMDAwMDAwMDAsImRlbGV0ZSI6MzAwMDAwMDAwMDAwLCJ1cGRhdGUiOjMwMDAwMDAwMDAwMH19",
          "dependencies": [
            "module.ec2-dev.aws_iam_instance_profile.ec2_profile",
            "module.ec2-dev.aws_iam_role.ec2_role",
            "module.ec2-dev.aws_instance.ec2_server",
            "module.ec2-dev.aws_security_group.ec2_sg"
          ]
        },
        {
          "index_key": 3,
          "schema_version": 0,
          "attributes": {
            "arn": "arn:aws:ec2:eu-west-2:245182714656:volume/vol-0b17d34be920d7fdc",
            "availability_zone": "eu-west-2b",
            "encrypted": false,
            "final_snapshot": false,
            "id": "vol-0b17d34be920d7fdc",
            "iops": 100,
            "kms_key_id": "",
            "multi_attach_enabled": false,
            "outpost_arn": "",
            "size": 5,
            "snapshot_id": "",
            "tags": {
              "Name": "tesla-dev-ebs"
            },
            "tags_all": {
              "Name": "tesla-dev-ebs"
            },
            "throughput": 0,
            "timeouts": null,
            "type": "gp2"
          },
          "sensitive_attributes": [],
          "private": "eyJlMmJmYjczMC1lY2FhLTExZTYtOGY4OC0zNDM2M2JjN2M0YzAiOnsiY3JlYXRlIjozMDAwMDAwMDAwMDAsImRlbGV0ZSI6MzAwMDAwMDAwMDAwLCJ1cGRhdGUiOjMwMDAwMDAwMDAwMH19",
          "dependencies": [
            "module.ec2-dev.aws_iam_instance_profile.ec2_profile",
            "module.ec2-dev.aws_iam_role.ec2_role",
            "module.ec2-dev.aws_instance.ec2_server",
            "module.ec2-dev.aws_security_group.ec2_sg"
          ]
        },
        {
          "index_key": 4,
          "schema_version": 0,
          "attributes": {
            "arn": "arn:aws:ec2:eu-west-2:245182714656:volume/vol-0467ec6ac3deaa2a3",
            "availability_zone": "eu-west-2c",
            "encrypted": false,
            "final_snapshot": false,
            "id": "vol-0467ec6ac3deaa2a3",
            "iops": 100,
            "kms_key_id": "",
            "multi_attach_enabled": false,
            "outpost_arn": "",
            "size": 2,
            "snapshot_id": "",
            "tags": {
              "Name": "tesla-dev-ebs"
            },
            "tags_all": {
              "Name": "tesla-dev-ebs"
            },
            "throughput": 0,
            "timeouts": null,
            "type": "gp2"
          },
          "sensitive_attributes": [],
          "private": "eyJlMmJmYjczMC1lY2FhLTExZTYtOGY4OC0zNDM2M2JjN2M0YzAiOnsiY3JlYXRlIjozMDAwMDAwMDAwMDAsImRlbGV0ZSI6MzAwMDAwMDAwMDAwLCJ1cGRhdGUiOjMwMDAwMDAwMDAwMH19",
          "dependencies": [
            "module.ec2-dev.aws_iam_instance_profile.ec2_profile",
            "module.ec2-dev.aws_iam_role.ec2_role",
            "module.ec2-dev.aws_instance.ec2_server",
            "module.ec2-dev.aws_security_group.ec2_sg"
          ]
        },
        {
          "index_key": 5,
          "schema_version": 0,
          "attributes": {
            "arn": "arn:aws:ec2:eu-west-2:245182714656:volume/vol-057eb64d12c8507cc",
            "availability_zone": "eu-west-2c",
            "encrypted": false,
            "final_snapshot": false,
            "id": "vol-057eb64d12c8507cc",
            "iops": 100,
            "kms_key_id": "",
            "multi_attach_enabled": false,
            "outpost_arn": "",
            "size": 5,
            "snapshot_id": "",
            "tags": {
              "Name": "tesla-dev-ebs"
            },
            "tags_all": {
              "Name": "tesla-dev-ebs"
            },
            "throughput": 0,
            "timeouts": null,
            "type": "gp2"
          },
          "sensitive_attributes": [],
          "private": "eyJlMmJmYjczMC1lY2FhLTExZTYtOGY4OC0zNDM2M2JjN2M0YzAiOnsiY3JlYXRlIjozMDAwMDAwMDAwMDAsImRlbGV0ZSI6MzAwMDAwMDAwMDAwLCJ1cGRhdGUiOjMwMDAwMDAwMDAwMH19",
          "dependencies": [
            "module.ec2-dev.aws_iam_instance_profile.ec2_profile",
            "module.ec2-dev.aws_iam_role.ec2_role",
            "module.ec2-dev.aws_instance.ec2_server",
            "module.ec2-dev.aws_security_group.ec2_sg"
          ]
        }
      ]
    },
    {
      "module": "module.ec2-dev",
      "mode": "managed",
      "type": "aws_iam_instance_profile",
      "name": "ec2_profile",
      "provider": "module.ec2-dev.provider[\"registry.terraform.io/hashicorp/aws\"]",
      "instances": [
        {
          "schema_version": 0,
          "attributes": {
            "arn": "arn:aws:iam::245182714656:instance-profile/tesla.dev.ec2-profile",
            "create_date": "2022-11-24T12:16:09Z",
            "id": "tesla.dev.ec2-profile",
            "name": "tesla.dev.ec2-profile",
            "name_prefix": null,
            "path": "/",
            "role": "tesla.dev.ec2-role",
            "tags": {},
            "tags_all": {},
            "unique_id": "AIPATSFQHKMQALJYCGLZG"
          },
          "sensitive_attributes": [],
          "private": "bnVsbA==",
          "dependencies": [
            "module.ec2-dev.aws_iam_role.ec2_role"
          ]
        }
      ]
    },
    {
      "module": "module.ec2-dev",
      "mode": "managed",
      "type": "aws_iam_role",
      "name": "ec2_role",
      "provider": "module.ec2-dev.provider[\"registry.terraform.io/hashicorp/aws\"]",
      "instances": [
        {
          "schema_version": 0,
          "attributes": {
            "arn": "arn:aws:iam::245182714656:role/tesla.dev.ec2-role",
            "assume_role_policy": "{\"Statement\":[{\"Action\":\"sts:AssumeRole\",\"Effect\":\"Allow\",\"Principal\":{\"Service\":\"ec2.amazonaws.com\"},\"Sid\":\"\"}],\"Version\":\"2012-10-17\"}",
            "create_date": "2022-11-24T12:16:08Z",
            "description": "",
            "force_detach_policies": false,
            "id": "tesla.dev.ec2-role",
            "inline_policy": [],
            "managed_policy_arns": [],
            "max_session_duration": 3600,
            "name": "tesla.dev.ec2-role",
            "name_prefix": "",
            "path": "/",
            "permissions_boundary": null,
            "tags": {},
            "tags_all": {},
            "unique_id": "AROATSFQHKMQLUDX26DSD"
          },
          "sensitive_attributes": [],
          "private": "bnVsbA=="
        }
      ]
    },
    {
      "module": "module.ec2-dev",
      "mode": "managed",
      "type": "aws_instance",
      "name": "ec2_server",
      "provider": "module.ec2-dev.provider[\"registry.terraform.io/hashicorp/aws\"]",
      "instances": [
        {
          "index_key": 0,
          "schema_version": 1,
          "attributes": {
            "ami": "ami-04706e771f950937f",
            "arn": "arn:aws:ec2:eu-west-2:245182714656:instance/i-0ec5a0424d089a02b",
            "associate_public_ip_address": true,
            "availability_zone": "eu-west-2a",
            "capacity_reservation_specification": [
              {
                "capacity_reservation_preference": "open",
                "capacity_reservation_target": []
              }
            ],
            "cpu_core_count": 1,
            "cpu_threads_per_core": 1,
            "credit_specification": [
              {
                "cpu_credits": "standard"
              }
            ],
            "disable_api_stop": false,
            "disable_api_termination": false,
            "ebs_block_device": [
              {
                "delete_on_termination": false,
                "device_name": "/dev/sdd",
                "encrypted": false,
                "iops": 100,
                "kms_key_id": "",
                "snapshot_id": "",
                "tags": {
                  "Name": "tesla-dev-ebs"
                },
                "throughput": 0,
                "volume_id": "vol-0567d5fac69183b2a",
                "volume_size": 2,
                "volume_type": "gp2"
              },
              {
                "delete_on_termination": false,
                "device_name": "/dev/sde",
                "encrypted": false,
                "iops": 100,
                "kms_key_id": "",
                "snapshot_id": "",
                "tags": {
                  "Name": "tesla-dev-ebs"
                },
                "throughput": 0,
                "volume_id": "vol-0aa17ff8ac25f2367",
                "volume_size": 5,
                "volume_type": "gp2"
              }
            ],
            "ebs_optimized": false,
            "enclave_options": [
              {
                "enabled": false
              }
            ],
            "ephemeral_block_device": [],
            "get_password_data": false,
            "hibernation": false,
            "host_id": null,
            "host_resource_group_arn": null,
            "iam_instance_profile": "tesla.dev.ec2-profile",
            "id": "i-0ec5a0424d089a02b",
            "instance_initiated_shutdown_behavior": "stop",
            "instance_state": "running",
            "instance_type": "t2.micro",
            "ipv6_address_count": 0,
            "ipv6_addresses": [],
            "key_name": "myaws",
            "launch_template": [],
            "maintenance_options": [
              {
                "auto_recovery": "default"
              }
            ],
            "metadata_options": [
              {
                "http_endpoint": "enabled",
                "http_put_response_hop_limit": 1,
                "http_tokens": "optional",
                "instance_metadata_tags": "disabled"
              }
            ],
            "monitoring": false,
            "network_interface": [],
            "outpost_arn": "",
            "password_data": "",
            "placement_group": "",
            "placement_partition_number": null,
            "primary_network_interface_id": "eni-0ec40d8cf666cd102",
            "private_dns": "ip-172-31-22-159.eu-west-2.compute.internal",
            "private_dns_name_options": [
              {
                "enable_resource_name_dns_a_record": false,
                "enable_resource_name_dns_aaaa_record": false,
                "hostname_type": "ip-name"
              }
            ],
            "private_ip": "172.31.22.159",
            "public_dns": "ec2-3-10-203-126.eu-west-2.compute.amazonaws.com",
            "public_ip": "3.10.203.126",
            "root_block_device": [
              {
                "delete_on_termination": true,
                "device_name": "/dev/xvda",
                "encrypted": false,
                "iops": 100,
                "kms_key_id": "",
                "tags": {},
                "throughput": 0,
                "volume_id": "vol-007a4eec1d1d78985",
                "volume_size": 8,
                "volume_type": "gp2"
              }
            ],
            "secondary_private_ips": [],
            "security_groups": [
              "tesla.dev-ec2_sg"
            ],
            "source_dest_check": true,
            "subnet_id": "subnet-068149b088bb5371a",
            "tags": {
              "Name": "tesla-dev-ec20",
              "costcode": "123",
              "terraformrepo": "https://github.com/bhargavimandala/ec2-setup.git"
            },
            "tags_all": {
              "Name": "tesla-dev-ec20",
              "costcode": "123",
              "terraformrepo": "https://github.com/bhargavimandala/ec2-setup.git"
            },
            "tenancy": "default",
            "timeouts": null,
            "user_data": "133da3202e32b072afc51ae30df9ebef84168316",
            "user_data_base64": null,
            "user_data_replace_on_change": false,
            "volume_tags": null,
            "vpc_security_group_ids": [
              "sg-03ef75d62ee5e6261"
            ]
          },
          "sensitive_attributes": [],
          "private": "eyJlMmJmYjczMC1lY2FhLTExZTYtOGY4OC0zNDM2M2JjN2M0YzAiOnsiY3JlYXRlIjo2MDAwMDAwMDAwMDAsImRlbGV0ZSI6MTIwMDAwMDAwMDAwMCwidXBkYXRlIjo2MDAwMDAwMDAwMDB9LCJzY2hlbWFfdmVyc2lvbiI6IjEifQ==",
          "dependencies": [
            "module.ec2-dev.aws_iam_instance_profile.ec2_profile",
            "module.ec2-dev.aws_security_group.ec2_sg"
          ]
        },
        {
          "index_key": 1,
          "schema_version": 1,
          "attributes": {
            "ami": "ami-04706e771f950937f",
            "arn": "arn:aws:ec2:eu-west-2:245182714656:instance/i-0e83ae531e2a7fc26",
            "associate_public_ip_address": true,
            "availability_zone": "eu-west-2b",
            "capacity_reservation_specification": [
              {
                "capacity_reservation_preference": "open",
                "capacity_reservation_target": []
              }
            ],
            "cpu_core_count": 1,
            "cpu_threads_per_core": 1,
            "credit_specification": [
              {
                "cpu_credits": "standard"
              }
            ],
            "disable_api_stop": false,
            "disable_api_termination": false,
            "ebs_block_device": [
              {
                "delete_on_termination": false,
                "device_name": "/dev/sdd",
                "encrypted": false,
                "iops": 100,
                "kms_key_id": "",
                "snapshot_id": "",
                "tags": {
                  "Name": "tesla-dev-ebs"
                },
                "throughput": 0,
                "volume_id": "vol-089a47296fe3c3c26",
                "volume_size": 2,
                "volume_type": "gp2"
              },
              {
                "delete_on_termination": false,
                "device_name": "/dev/sde",
                "encrypted": false,
                "iops": 100,
                "kms_key_id": "",
                "snapshot_id": "",
                "tags": {
                  "Name": "tesla-dev-ebs"
                },
                "throughput": 0,
                "volume_id": "vol-0b17d34be920d7fdc",
                "volume_size": 5,
                "volume_type": "gp2"
              }
            ],
            "ebs_optimized": false,
            "enclave_options": [
              {
                "enabled": false
              }
            ],
            "ephemeral_block_device": [],
            "get_password_data": false,
            "hibernation": false,
            "host_id": null,
            "host_resource_group_arn": null,
            "iam_instance_profile": "tesla.dev.ec2-profile",
            "id": "i-0e83ae531e2a7fc26",
            "instance_initiated_shutdown_behavior": "stop",
            "instance_state": "running",
            "instance_type": "t2.micro",
            "ipv6_address_count": 0,
            "ipv6_addresses": [],
            "key_name": "myaws",
            "launch_template": [],
            "maintenance_options": [
              {
                "auto_recovery": "default"
              }
            ],
            "metadata_options": [
              {
                "http_endpoint": "enabled",
                "http_put_response_hop_limit": 1,
                "http_tokens": "optional",
                "instance_metadata_tags": "disabled"
              }
            ],
            "monitoring": false,
            "network_interface": [],
            "outpost_arn": "",
            "password_data": "",
            "placement_group": "",
            "placement_partition_number": null,
            "primary_network_interface_id": "eni-0465a47ee2a521dfb",
            "private_dns": "ip-172-31-35-13.eu-west-2.compute.internal",
            "private_dns_name_options": [
              {
                "enable_resource_name_dns_a_record": false,
                "enable_resource_name_dns_aaaa_record": false,
                "hostname_type": "ip-name"
              }
            ],
            "private_ip": "172.31.35.13",
            "public_dns": "ec2-18-169-190-9.eu-west-2.compute.amazonaws.com",
            "public_ip": "18.169.190.9",
            "root_block_device": [
              {
                "delete_on_termination": true,
                "device_name": "/dev/xvda",
                "encrypted": false,
                "iops": 100,
                "kms_key_id": "",
                "tags": {},
                "throughput": 0,
                "volume_id": "vol-0b9ee7797b654e98a",
                "volume_size": 8,
                "volume_type": "gp2"
              }
            ],
            "secondary_private_ips": [],
            "security_groups": [
              "tesla.dev-ec2_sg"
            ],
            "source_dest_check": true,
            "subnet_id": "subnet-027e1312d76fed1a1",
            "tags": {
              "Name": "tesla-dev-ec21",
              "costcode": "123",
              "terraformrepo": "https://github.com/bhargavimandala/ec2-setup.git"
            },
            "tags_all": {
              "Name": "tesla-dev-ec21",
              "costcode": "123",
              "terraformrepo": "https://github.com/bhargavimandala/ec2-setup.git"
            },
            "tenancy": "default",
            "timeouts": null,
            "user_data": "133da3202e32b072afc51ae30df9ebef84168316",
            "user_data_base64": null,
            "user_data_replace_on_change": false,
            "volume_tags": null,
            "vpc_security_group_ids": [
              "sg-03ef75d62ee5e6261"
            ]
          },
          "sensitive_attributes": [],
          "private": "eyJlMmJmYjczMC1lY2FhLTExZTYtOGY4OC0zNDM2M2JjN2M0YzAiOnsiY3JlYXRlIjo2MDAwMDAwMDAwMDAsImRlbGV0ZSI6MTIwMDAwMDAwMDAwMCwidXBkYXRlIjo2MDAwMDAwMDAwMDB9LCJzY2hlbWFfdmVyc2lvbiI6IjEifQ==",
          "dependencies": [
            "module.ec2-dev.aws_iam_instance_profile.ec2_profile",
            "module.ec2-dev.aws_security_group.ec2_sg"
          ]
        },
        {
          "index_key": 2,
          "schema_version": 1,
          "attributes": {
            "ami": "ami-04706e771f950937f",
            "arn": "arn:aws:ec2:eu-west-2:245182714656:instance/i-03339f798f155902c",
            "associate_public_ip_address": true,
            "availability_zone": "eu-west-2c",
            "capacity_reservation_specification": [
              {
                "capacity_reservation_preference": "open",
                "capacity_reservation_target": []
              }
            ],
            "cpu_core_count": 1,
            "cpu_threads_per_core": 1,
            "credit_specification": [
              {
                "cpu_credits": "standard"
              }
            ],
            "disable_api_stop": false,
            "disable_api_termination": false,
            "ebs_block_device": [
              {
                "delete_on_termination": false,
                "device_name": "/dev/sdd",
                "encrypted": false,
                "iops": 100,
                "kms_key_id": "",
                "snapshot_id": "",
                "tags": {
                  "Name": "tesla-dev-ebs"
                },
                "throughput": 0,
                "volume_id": "vol-0467ec6ac3deaa2a3",
                "volume_size": 2,
                "volume_type": "gp2"
              },
              {
                "delete_on_termination": false,
                "device_name": "/dev/sde",
                "encrypted": false,
                "iops": 100,
                "kms_key_id": "",
                "snapshot_id": "",
                "tags": {
                  "Name": "tesla-dev-ebs"
                },
                "throughput": 0,
                "volume_id": "vol-057eb64d12c8507cc",
                "volume_size": 5,
                "volume_type": "gp2"
              }
            ],
            "ebs_optimized": false,
            "enclave_options": [
              {
                "enabled": false
              }
            ],
            "ephemeral_block_device": [],
            "get_password_data": false,
            "hibernation": false,
            "host_id": null,
            "host_resource_group_arn": null,
            "iam_instance_profile": "tesla.dev.ec2-profile",
            "id": "i-03339f798f155902c",
            "instance_initiated_shutdown_behavior": "stop",
            "instance_state": "running",
            "instance_type": "t2.micro",
            "ipv6_address_count": 0,
            "ipv6_addresses": [],
            "key_name": "myaws",
            "launch_template": [],
            "maintenance_options": [
              {
                "auto_recovery": "default"
              }
            ],
            "metadata_options": [
              {
                "http_endpoint": "enabled",
                "http_put_response_hop_limit": 1,
                "http_tokens": "optional",
                "instance_metadata_tags": "disabled"
              }
            ],
            "monitoring": false,
            "network_interface": [],
            "outpost_arn": "",
            "password_data": "",
            "placement_group": "",
            "placement_partition_number": null,
            "primary_network_interface_id": "eni-02575085d4fc6e436",
            "private_dns": "ip-172-31-7-195.eu-west-2.compute.internal",
            "private_dns_name_options": [
              {
                "enable_resource_name_dns_a_record": false,
                "enable_resource_name_dns_aaaa_record": false,
                "hostname_type": "ip-name"
              }
            ],
            "private_ip": "172.31.7.195",
            "public_dns": "ec2-18-134-9-74.eu-west-2.compute.amazonaws.com",
            "public_ip": "18.134.9.74",
            "root_block_device": [
              {
                "delete_on_termination": true,
                "device_name": "/dev/xvda",
                "encrypted": false,
                "iops": 100,
                "kms_key_id": "",
                "tags": {},
                "throughput": 0,
                "volume_id": "vol-077c733d491f68c6e",
                "volume_size": 8,
                "volume_type": "gp2"
              }
            ],
            "secondary_private_ips": [],
            "security_groups": [
              "tesla.dev-ec2_sg"
            ],
            "source_dest_check": true,
            "subnet_id": "subnet-0ce6f355fce16536e",
            "tags": {
              "Name": "tesla-dev-ec22",
              "costcode": "123",
              "terraformrepo": "https://github.com/bhargavimandala/ec2-setup.git"
            },
            "tags_all": {
              "Name": "tesla-dev-ec22",
              "costcode": "123",
              "terraformrepo": "https://github.com/bhargavimandala/ec2-setup.git"
            },
            "tenancy": "default",
            "timeouts": null,
            "user_data": "133da3202e32b072afc51ae30df9ebef84168316",
            "user_data_base64": null,
            "user_data_replace_on_change": false,
            "volume_tags": null,
            "vpc_security_group_ids": [
              "sg-03ef75d62ee5e6261"
            ]
          },
          "sensitive_attributes": [],
          "private": "eyJlMmJmYjczMC1lY2FhLTExZTYtOGY4OC0zNDM2M2JjN2M0YzAiOnsiY3JlYXRlIjo2MDAwMDAwMDAwMDAsImRlbGV0ZSI6MTIwMDAwMDAwMDAwMCwidXBkYXRlIjo2MDAwMDAwMDAwMDB9LCJzY2hlbWFfdmVyc2lvbiI6IjEifQ==",
          "dependencies": [
            "module.ec2-dev.aws_iam_instance_profile.ec2_profile",
            "module.ec2-dev.aws_security_group.ec2_sg"
          ]
        }
      ]
    },
    {
      "module": "module.ec2-dev",
      "mode": "managed",
      "type": "aws_security_group",
      "name": "ec2_sg",
      "provider": "module.ec2-dev.provider[\"registry.terraform.io/hashicorp/aws\"]",
      "instances": [
        {
          "schema_version": 1,
          "attributes": {
            "arn": "arn:aws:ec2:eu-west-2:245182714656:security-group/sg-03ef75d62ee5e6261",
            "description": "Managed by Terraform",
            "egress": [
              {
                "cidr_blocks": [
                  "0.0.0.0/0"
                ],
                "description": "",
                "from_port": 0,
                "ipv6_cidr_blocks": [],
                "prefix_list_ids": [],
                "protocol": "-1",
                "security_groups": [],
                "self": false,
                "to_port": 0
              }
            ],
            "id": "sg-03ef75d62ee5e6261",
            "ingress": [
              {
                "cidr_blocks": [
                  "0.0.0.0/0"
                ],
                "description": "ec2 sg",
                "from_port": 22,
                "ipv6_cidr_blocks": [],
                "prefix_list_ids": [],
                "protocol": "tcp",
                "security_groups": [],
                "self": false,
                "to_port": 22
              },
              {
                "cidr_blocks": [
                  "0.0.0.0/0"
                ],
                "description": "ec2 sg",
                "from_port": 80,
                "ipv6_cidr_blocks": [],
                "prefix_list_ids": [],
                "protocol": "tcp",
                "security_groups": [],
                "self": false,
                "to_port": 80
              }
            ],
            "name": "tesla.dev-ec2_sg",
            "name_prefix": "",
            "owner_id": "245182714656",
            "revoke_rules_on_delete": false,
            "tags": {
              "Name": "tesla.dev-ec2_sg"
            },
            "tags_all": {
              "Name": "tesla.dev-ec2_sg"
            },
            "timeouts": null,
            "vpc_id": "vpc-003aa9bde553f8665"
          },
          "sensitive_attributes": [],
          "private": "eyJlMmJmYjczMC1lY2FhLTExZTYtOGY4OC0zNDM2M2JjN2M0YzAiOnsiY3JlYXRlIjo2MDAwMDAwMDAwMDAsImRlbGV0ZSI6OTAwMDAwMDAwMDAwfSwic2NoZW1hX3ZlcnNpb24iOiIxIn0="
        }
      ]
    },
    {
      "module": "module.ec2-dev",
      "mode": "managed",
      "type": "aws_volume_attachment",
      "name": "ebs_att",
      "provider": "module.ec2-dev.provider[\"registry.terraform.io/hashicorp/aws\"]",
      "instances": [
        {
          "index_key": 0,
          "schema_version": 0,
          "attributes": {
            "device_name": "/dev/sdd",
            "force_detach": null,
            "id": "vai-4213491754",
            "instance_id": "i-0ec5a0424d089a02b",
            "skip_destroy": null,
            "stop_instance_before_detaching": null,
            "timeouts": null,
            "volume_id": "vol-0567d5fac69183b2a"
          },
          "sensitive_attributes": [],
          "private": "eyJlMmJmYjczMC1lY2FhLTExZTYtOGY4OC0zNDM2M2JjN2M0YzAiOnsiY3JlYXRlIjozMDAwMDAwMDAwMDAsImRlbGV0ZSI6MzAwMDAwMDAwMDAwfX0=",
          "dependencies": [
            "module.ec2-dev.aws_ebs_volume.ec2-ebs",
            "module.ec2-dev.aws_iam_instance_profile.ec2_profile",
            "module.ec2-dev.aws_iam_role.ec2_role",
            "module.ec2-dev.aws_instance.ec2_server",
            "module.ec2-dev.aws_security_group.ec2_sg"
          ]
        },
        {
          "index_key": 1,
          "schema_version": 0,
          "attributes": {
            "device_name": "/dev/sde",
            "force_detach": null,
            "id": "vai-355995402",
            "instance_id": "i-0ec5a0424d089a02b",
            "skip_destroy": null,
            "stop_instance_before_detaching": null,
            "timeouts": null,
            "volume_id": "vol-0aa17ff8ac25f2367"
          },
          "sensitive_attributes": [],
          "private": "eyJlMmJmYjczMC1lY2FhLTExZTYtOGY4OC0zNDM2M2JjN2M0YzAiOnsiY3JlYXRlIjozMDAwMDAwMDAwMDAsImRlbGV0ZSI6MzAwMDAwMDAwMDAwfX0=",
          "dependencies": [
            "module.ec2-dev.aws_ebs_volume.ec2-ebs",
            "module.ec2-dev.aws_iam_instance_profile.ec2_profile",
            "module.ec2-dev.aws_iam_role.ec2_role",
            "module.ec2-dev.aws_instance.ec2_server",
            "module.ec2-dev.aws_security_group.ec2_sg"
          ]
        },
        {
          "index_key": 2,
          "schema_version": 0,
          "attributes": {
            "device_name": "/dev/sdd",
            "force_detach": null,
            "id": "vai-3791201021",
            "instance_id": "i-0e83ae531e2a7fc26",
            "skip_destroy": null,
            "stop_instance_before_detaching": null,
            "timeouts": null,
            "volume_id": "vol-089a47296fe3c3c26"
          },
          "sensitive_attributes": [],
          "private": "eyJlMmJmYjczMC1lY2FhLTExZTYtOGY4OC0zNDM2M2JjN2M0YzAiOnsiY3JlYXRlIjozMDAwMDAwMDAwMDAsImRlbGV0ZSI6MzAwMDAwMDAwMDAwfX0=",
          "dependencies": [
            "module.ec2-dev.aws_ebs_volume.ec2-ebs",
            "module.ec2-dev.aws_iam_instance_profile.ec2_profile",
            "module.ec2-dev.aws_iam_role.ec2_role",
            "module.ec2-dev.aws_instance.ec2_server",
            "module.ec2-dev.aws_security_group.ec2_sg"
          ]
        },
        {
          "index_key": 3,
          "schema_version": 0,
          "attributes": {
            "device_name": "/dev/sde",
            "force_detach": null,
            "id": "vai-3740206780",
            "instance_id": "i-0e83ae531e2a7fc26",
            "skip_destroy": null,
            "stop_instance_before_detaching": null,
            "timeouts": null,
            "volume_id": "vol-0b17d34be920d7fdc"
          },
          "sensitive_attributes": [],
          "private": "eyJlMmJmYjczMC1lY2FhLTExZTYtOGY4OC0zNDM2M2JjN2M0YzAiOnsiY3JlYXRlIjozMDAwMDAwMDAwMDAsImRlbGV0ZSI6MzAwMDAwMDAwMDAwfX0=",
          "dependencies": [
            "module.ec2-dev.aws_ebs_volume.ec2-ebs",
            "module.ec2-dev.aws_iam_instance_profile.ec2_profile",
            "module.ec2-dev.aws_iam_role.ec2_role",
            "module.ec2-dev.aws_instance.ec2_server",
            "module.ec2-dev.aws_security_group.ec2_sg"
          ]
        },
        {
          "index_key": 4,
          "schema_version": 0,
          "attributes": {
            "device_name": "/dev/sdd",
            "force_detach": null,
            "id": "vai-1524059352",
            "instance_id": "i-03339f798f155902c",
            "skip_destroy": null,
            "stop_instance_before_detaching": null,
            "timeouts": null,
            "volume_id": "vol-0467ec6ac3deaa2a3"
          },
          "sensitive_attributes": [],
          "private": "eyJlMmJmYjczMC1lY2FhLTExZTYtOGY4OC0zNDM2M2JjN2M0YzAiOnsiY3JlYXRlIjozMDAwMDAwMDAwMDAsImRlbGV0ZSI6MzAwMDAwMDAwMDAwfX0=",
          "dependencies": [
            "module.ec2-dev.aws_ebs_volume.ec2-ebs",
            "module.ec2-dev.aws_iam_instance_profile.ec2_profile",
            "module.ec2-dev.aws_iam_role.ec2_role",
            "module.ec2-dev.aws_instance.ec2_server",
            "module.ec2-dev.aws_security_group.ec2_sg"
          ]
        },
        {
          "index_key": 5,
          "schema_version": 0,
          "attributes": {
            "device_name": "/dev/sde",
            "force_detach": null,
            "id": "vai-1845129598",
            "instance_id": "i-03339f798f155902c",
            "skip_destroy": null,
            "stop_instance_before_detaching": null,
            "timeouts": null,
            "volume_id": "vol-057eb64d12c8507cc"
          },
          "sensitive_attributes": [],
          "private": "eyJlMmJmYjczMC1lY2FhLTExZTYtOGY4OC0zNDM2M2JjN2M0YzAiOnsiY3JlYXRlIjozMDAwMDAwMDAwMDAsImRlbGV0ZSI6MzAwMDAwMDAwMDAwfX0=",
          "dependencies": [
            "module.ec2-dev.aws_ebs_volume.ec2-ebs",
            "module.ec2-dev.aws_iam_instance_profile.ec2_profile",
            "module.ec2-dev.aws_iam_role.ec2_role",
            "module.ec2-dev.aws_instance.ec2_server",
            "module.ec2-dev.aws_security_group.ec2_sg"
          ]
        }
      ]
    }
  ],
  "check_results": null
}
